{
  "nodes": {
    "devenv": {
      "inputs": {
        "flake-compat": "flake-compat",
        "nix": "nix",
        "nixpkgs": "nixpkgs",
        "pre-commit-hooks": "pre-commit-hooks"
      },
      "locked": {
        "lastModified": 1688058187,
        "narHash": "sha256-ipDcc7qrucpJ0+0eYNlwnE+ISTcq4m03qW+CWUshRXI=",
        "owner": "cachix",
        "repo": "devenv",
        "rev": "c8778e3dc30eb9043e218aaa3861d42d4992de77",
        "type": "github"
      },
      "original": {
        "owner": "cachix",
        "ref": "latest",
        "repo": "devenv",
        "type": "github"
      }
    },
    "flake-compat": {
      "flake": false,
      "locked": {
        "lastModified": 1673956053,
        "narHash": "sha256-4gtG9iQuiKITOjNQQeQIpoIB6b16fm+504Ch3sNKLd8=",
        "owner": "edolstra",
        "repo": "flake-compat",
        "rev": "35bb57c0c8d8b62bbfd284272c928ceb64ddbde9",
        "type": "github"
      },
      "original": {
        "owner": "edolstra",
        "repo": "flake-compat",
        "type": "github"
      }
    },
    "flake-utils": {
      "locked": {
        "lastModified": 1667395993,
        "narHash": "sha256-nuEHfE/LcWyuSWnS8t12N1wc105Qtau+/OdUAjtQ0rA=",
        "owner": "numtide",
        "repo": "flake-utils",
        "rev": "5aed5285a952e0b949eb3ba02c12fa4fcfef535f",
        "type": "github"
      },
      "original": {
        "owner": "numtide",
        "repo": "flake-utils",
        "type": "github"
      }
    },
    "flake-utils_2": {
      "inputs": {
        "systems": "systems"
      },
      "locked": {
        "lastModified": 1701680307,
        "narHash": "sha256-kAuep2h5ajznlPMD9rnQyffWG8EM/C73lejGofXvdM8=",
        "owner": "numtide",
        "repo": "flake-utils",
        "rev": "4022d587cbbfd70fe950c1e2083a02621806a725",
        "type": "github"
      },
      "original": {
        "owner": "numtide",
        "repo": "flake-utils",
        "type": "github"
      }
    },
    "gitignore": {
      "inputs": {
        "nixpkgs": [
          "devenv",
          "pre-commit-hooks",
          "nixpkgs"
        ]
      },
      "locked": {
        "lastModified": 1660459072,
        "narHash": "sha256-8DFJjXG8zqoONA1vXtgeKXy68KdJL5UaXR8NtVMUbx8=",
        "owner": "hercules-ci",
        "repo": "gitignore.nix",
        "rev": "a20de23b925fd8264fd7fad6454652e142fd7f73",
        "type": "github"
      },
      "original": {
        "owner": "hercules-ci",
        "repo": "gitignore.nix",
        "type": "github"
      }
    },
    "home-manager": {
      "inputs": {
        "nixpkgs": [
          "nixpkgs"
        ]
      },
      "locked": {
        "lastModified": 1710446102,
        "narHash": "sha256-MCmqsWwQkttCtDuah8Q1GQNksaRoUDV+wDusVrxJRTI=",
        "owner": "nix-community",
        "repo": "home-manager",
        "rev": "601c22f8af61b9a2e47001474c595c78771aa3b2",
        "type": "github"
      },
      "original": {
        "owner": "nix-community",
        "ref": "master",
        "repo": "home-manager",
        "type": "github"
      }
    },
    "lowdown-src": {
      "flake": false,
      "locked": {
        "lastModified": 1633514407,
        "narHash": "sha256-Dw32tiMjdK9t3ETl5fzGrutQTzh2rufgZV4A/BbxuD4=",
        "owner": "kristapsdz",
        "repo": "lowdown",
        "rev": "d2c2b44ff6c27b936ec27358a2653caaef8f73b8",
        "type": "github"
      },
      "original": {
        "owner": "kristapsdz",
        "repo": "lowdown",
        "type": "github"
      }
    },
    "lscolors": {
      "flake": false,
      "locked": {
        "lastModified": 1702499750,
        "narHash": "sha256-DT9WmtyJ/wngoiOTXMcnstVbGh3BaFWrr8Zxm4g4b6U=",
        "owner": "trapd00r",
        "repo": "LS_COLORS",
        "rev": "a283d79dcbb23a8679f4b1a07d04a80cab01c0ba",
        "type": "github"
      },
      "original": {
        "owner": "trapd00r",
        "repo": "LS_COLORS",
        "type": "github"
      }
    },
    "neovim-nightly": {
      "inputs": {
        "flake-utils": "flake-utils_2",
        "nixpkgs": [
          "nixpkgs"
        ]
      },
      "locked": {
        "dir": "contrib",
        "lastModified": 1710442807,
        "narHash": "sha256-sIjTSkh9NMxtqXLTX/5VG4pDGgPAfP2j5GlOoKjil2k=",
        "owner": "neovim",
        "repo": "neovim",
        "rev": "4de4f13eb35e40799198689a5ae0bc534b4e38a8",
        "type": "github"
      },
      "original": {
        "dir": "contrib",
        "owner": "neovim",
        "repo": "neovim",
        "type": "github"
      }
    },
    "nix": {
      "inputs": {
        "lowdown-src": "lowdown-src",
        "nixpkgs": [
          "devenv",
          "nixpkgs"
        ],
        "nixpkgs-regression": "nixpkgs-regression"
      },
      "locked": {
        "lastModified": 1676545802,
        "narHash": "sha256-EK4rZ+Hd5hsvXnzSzk2ikhStJnD63odF7SzsQ8CuSPU=",
        "owner": "domenkozar",
        "repo": "nix",
        "rev": "7c91803598ffbcfe4a55c44ac6d49b2cf07a527f",
        "type": "github"
      },
      "original": {
        "owner": "domenkozar",
        "ref": "relaxed-flakes",
        "repo": "nix",
        "type": "github"
      }
    },
    "nixpkgs": {
      "locked": {
        "lastModified": 1678875422,
        "narHash": "sha256-T3o6NcQPwXjxJMn2shz86Chch4ljXgZn746c2caGxd8=",
        "owner": "NixOS",
        "repo": "nixpkgs",
        "rev": "126f49a01de5b7e35a43fd43f891ecf6d3a51459",
        "type": "github"
      },
      "original": {
        "owner": "NixOS",
        "ref": "nixpkgs-unstable",
        "repo": "nixpkgs",
        "type": "github"
      }
    },
    "nixpkgs-regression": {
      "locked": {
        "lastModified": 1643052045,
        "narHash": "sha256-uGJ0VXIhWKGXxkeNnq4TvV3CIOkUJ3PAoLZ3HMzNVMw=",
        "owner": "NixOS",
        "repo": "nixpkgs",
        "rev": "215d4d0fd80ca5163643b03a33fde804a29cc1e2",
        "type": "github"
      },
      "original": {
        "owner": "NixOS",
        "repo": "nixpkgs",
        "rev": "215d4d0fd80ca5163643b03a33fde804a29cc1e2",
        "type": "github"
      }
    },
    "nixpkgs-stable": {
      "locked": {
        "lastModified": 1678872516,
        "narHash": "sha256-/E1YwtMtFAu2KUQKV/1+KFuReYPANM2Rzehk84VxVoc=",
        "owner": "NixOS",
        "repo": "nixpkgs",
        "rev": "9b8e5abb18324c7fe9f07cb100c3cd4a29cda8b8",
        "type": "github"
      },
      "original": {
        "owner": "NixOS",
        "ref": "nixos-22.11",
        "repo": "nixpkgs",
        "type": "github"
      }
    },
    "nixpkgs-stable_2": {
      "locked": {
        "lastModified": 1710283656,
        "narHash": "sha256-nI+AOy4uK6jLGBi9nsbHjL1EdSIzoo8oa+9oeVhbyFc=",
        "owner": "nixos",
        "repo": "nixpkgs",
        "rev": "51063ed4f2343a59fdeebb279bb81d87d453942b",
        "type": "github"
      },
      "original": {
        "owner": "nixos",
        "ref": "nixos-23.11",
        "repo": "nixpkgs",
        "type": "github"
      }
    },
    "nixpkgs_2": {
      "locked": {
        "lastModified": 1710377395,
        "narHash": "sha256-KMubsUWtVr7L55pXMBibBDBdmk3xrjbBPduc0E8z28c=",
        "owner": "nixos",
        "repo": "nixpkgs",
        "rev": "db001797591bf76f7b8d4c4ed3b49233391e0c97",
        "type": "github"
      },
      "original": {
        "owner": "nixos",
        "ref": "nixpkgs-unstable",
        "repo": "nixpkgs",
        "type": "github"
      }
    },
    "pre-commit-hooks": {
      "inputs": {
        "flake-compat": [
          "devenv",
          "flake-compat"
        ],
        "flake-utils": "flake-utils",
        "gitignore": "gitignore",
        "nixpkgs": [
          "devenv",
          "nixpkgs"
        ],
        "nixpkgs-stable": "nixpkgs-stable"
      },
      "locked": {
        "lastModified": 1686050334,
        "narHash": "sha256-R0mczWjDzBpIvM3XXhO908X5e2CQqjyh/gFbwZk/7/Q=",
        "owner": "cachix",
        "repo": "pre-commit-hooks.nix",
        "rev": "6881eb2ae5d8a3516e34714e7a90d9d95914c4dc",
        "type": "github"
      },
      "original": {
        "owner": "cachix",
        "repo": "pre-commit-hooks.nix",
        "type": "github"
      }
    },
    "root": {
      "inputs": {
        "devenv": "devenv",
        "home-manager": "home-manager",
        "lscolors": "lscolors",
        "neovim-nightly": "neovim-nightly",
        "nixpkgs": "nixpkgs_2",
        "nixpkgs-stable": "nixpkgs-stable_2",
        "zsh-almostontop": "zsh-almostontop",
        "zsh-autocomplete": "zsh-autocomplete",
        "zsh-completions": "zsh-completions",
        "zsh-edit": "zsh-edit",
        "zsh-fzf-tab": "zsh-fzf-tab",
        "zsh-fzf-tab-source": "zsh-fzf-tab-source",
        "zsh-fzf-zsh-plugin": "zsh-fzf-zsh-plugin",
        "zsh-powerlevel10k": "zsh-powerlevel10k"
      }
    },
    "systems": {
      "locked": {
        "lastModified": 1681028828,
        "narHash": "sha256-Vy1rq5AaRuLzOxct8nz4T6wlgyUR7zLU309k9mBC768=",
        "owner": "nix-systems",
        "repo": "default",
        "rev": "da67096a3b9bf56a91d16901293e51ba5b49a27e",
        "type": "github"
      },
      "original": {
        "owner": "nix-systems",
        "repo": "default",
        "type": "github"
      }
    },
    "zsh-almostontop": {
      "flake": false,
      "locked": {
        "lastModified": 1568747795,
        "narHash": "sha256-B7fZzafT7PpgnDkdhnUTB57WzfEWcsi1PnjxVOGUwGE=",
        "owner": "Valiev",
        "repo": "almostontop",
        "rev": "aaf8a3e38d383cd179f04e814461acee66348dc8",
        "type": "github"
      },
      "original": {
        "owner": "Valiev",
        "repo": "almostontop",
        "type": "github"
      }
    },
    "zsh-autocomplete": {
      "flake": false,
      "locked": {
        "lastModified": 1702543845,
        "narHash": "sha256-u2BnkHZOSGVhcJvhGwHBdeAOVdszye7QZ324xinbELE=",
        "owner": "marlonrichert",
        "repo": "zsh-autocomplete",
        "rev": "c7b65508fd3a016dc9cdb410af9ee7806b3f9be1",
        "type": "github"
      },
      "original": {
        "owner": "marlonrichert",
        "repo": "zsh-autocomplete",
        "type": "github"
      }
    },
    "zsh-completions": {
      "flake": false,
      "locked": {
        "lastModified": 1707297631,
        "narHash": "sha256-8qgANoYAvTlAnyKcOfHATEAWvvPzztIcRVmTHWcEM5c=",
        "owner": "zsh-users",
        "repo": "zsh-completions",
        "rev": "507f1f8715edd9f1f403c140fa332644d81ebab5",
        "type": "github"
      },
      "original": {
        "owner": "zsh-users",
        "repo": "zsh-completions",
        "type": "github"
      }
    },
    "zsh-edit": {
      "flake": false,
      "locked": {
        "lastModified": 1702548438,
        "narHash": "sha256-l6qGSxj/lZ+jUaAFC2LYMwARwQpXmKdvii4jbVR1Kqo=",
        "owner": "marlonrichert",
        "repo": "zsh-edit",
        "rev": "113a0d53919c4866a1492574592eccafacdabe0b",
        "type": "github"
      },
      "original": {
        "owner": "marlonrichert",
        "repo": "zsh-edit",
        "type": "github"
      }
    },
    "zsh-fzf-tab": {
      "flake": false,
      "locked": {
        "lastModified": 1710254683,
        "narHash": "sha256-0/YOL1/G2SWncbLNaclSYUz7VyfWu+OB8TYJYm4NYkM=",
        "owner": "Aloxaf",
        "repo": "fzf-tab",
        "rev": "bf3ef5588af6d3bf7cc60f2ad2c1c95bca216241",
        "type": "github"
      },
      "original": {
        "owner": "Aloxaf",
        "repo": "fzf-tab",
        "type": "github"
      }
    },
    "zsh-fzf-tab-source": {
      "flake": false,
      "locked": {
        "lastModified": 1710310666,
        "narHash": "sha256-jWbroOjnteYJFERTbdLmJtNCJfFGWR2fs1qbhUvOKeU=",
        "owner": "Freed-Wu",
        "repo": "fzf-tab-source",
        "rev": "a2f1674e1642f5288bb4b7c6280b5a341595d7e7",
        "type": "github"
      },
      "original": {
        "owner": "Freed-Wu",
        "repo": "fzf-tab-source",
        "type": "github"
      }
    },
    "zsh-fzf-zsh-plugin": {
      "flake": false,
      "locked": {
        "lastModified": 1710079275,
        "narHash": "sha256-RGYKNoWyNVg0WJxVqHyVaSpH8H+Eh7AW5s0wgKXZ/bQ=",
        "owner": "unixorn",
        "repo": "fzf-zsh-plugin",
        "rev": "0e85e934a3d671f157504b546e59f75cc9c256f8",
        "type": "github"
      },
      "original": {
        "owner": "unixorn",
        "repo": "fzf-zsh-plugin",
        "type": "github"
      }
    },
    "zsh-powerlevel10k": {
      "flake": false,
      "locked": {
        "lastModified": 1710227260,
        "narHash": "sha256-N9h2//PyRpK1Zh5xePjCALLpK7ZIxqgoMlD4EwMH+8U=",
        "owner": "romkatv",
        "repo": "powerlevel10k",
        "rev": "d39e4268355f7a10f7758982db2a59e485d2659a",
        "type": "github"
      },
      "original": {
        "owner": "romkatv",
        "repo": "powerlevel10k",
        "type": "github"
      }
    }
  },
  "root": "root",
  "version": 7
}
