{
  "nodes": {
    "agenix": {
      "inputs": {
        "darwin": "darwin",
        "home-manager": "home-manager",
        "nixpkgs": [
          "nixpkgs"
        ],
        "systems": "systems"
      },
      "locked": {
        "lastModified": 1747575206,
        "narHash": "sha256-NwmAFuDUO/PFcgaGGr4j3ozG9Pe5hZ/ogitWhY+D81k=",
        "owner": "ryantm",
        "repo": "agenix",
        "rev": "4835b1dc898959d8547a871ef484930675cb47f1",
        "type": "github"
      },
      "original": {
        "owner": "ryantm",
        "ref": "main",
        "repo": "agenix",
        "type": "github"
      }
    },
    "darwin": {
      "inputs": {
        "nixpkgs": [
          "agenix",
          "nixpkgs"
        ]
      },
      "locked": {
        "lastModified": 1744478979,
        "narHash": "sha256-dyN+teG9G82G+m+PX/aSAagkC+vUv0SgUw3XkPhQodQ=",
        "owner": "lnl7",
        "repo": "nix-darwin",
        "rev": "43975d782b418ebf4969e9ccba82466728c2851b",
        "type": "github"
      },
      "original": {
        "owner": "lnl7",
        "ref": "master",
        "repo": "nix-darwin",
        "type": "github"
      }
    },
    "flake-compat": {
      "flake": false,
      "locked": {
        "lastModified": 1747046372,
        "narHash": "sha256-CIVLLkVgvHYbgI2UpXvIIBJ12HWgX+fjA8Xf8PUmqCY=",
        "owner": "edolstra",
        "repo": "flake-compat",
        "rev": "9100a0f413b0c601e0533d1d94ffd501ce2e7885",
        "type": "github"
      },
      "original": {
        "owner": "edolstra",
        "repo": "flake-compat",
        "type": "github"
      }
    },
    "flake-compat_2": {
      "flake": false,
      "locked": {
        "lastModified": 1696426674,
        "narHash": "sha256-kvjfFW7WAETZlt09AgDn1MrtKzP7t90Vf7vypd3OL1U=",
        "owner": "edolstra",
        "repo": "flake-compat",
        "rev": "0f9255e01c2351cc7d116c072cb317785dd33b33",
        "type": "github"
      },
      "original": {
        "owner": "edolstra",
        "repo": "flake-compat",
        "type": "github"
      }
    },
    "flake-parts": {
      "inputs": {
        "nixpkgs-lib": [
          "neovim-nightly",
          "nixpkgs"
        ]
      },
      "locked": {
        "lastModified": 1748821116,
        "narHash": "sha256-F82+gS044J1APL0n4hH50GYdPRv/5JWm34oCJYmVKdE=",
        "owner": "hercules-ci",
        "repo": "flake-parts",
        "rev": "49f0870db23e8c1ca0b5259734a02cd9e1e371a1",
        "type": "github"
      },
      "original": {
        "owner": "hercules-ci",
        "repo": "flake-parts",
        "type": "github"
      }
    },
    "flake-parts_2": {
      "inputs": {
        "nixpkgs-lib": [
          "neovim-nightly",
          "hercules-ci-effects",
          "nixpkgs"
        ]
      },
      "locked": {
        "lastModified": 1743550720,
        "narHash": "sha256-hIshGgKZCgWh6AYJpJmRgFdR3WUbkY04o82X05xqQiY=",
        "owner": "hercules-ci",
        "repo": "flake-parts",
        "rev": "c621e8422220273271f52058f618c94e405bb0f5",
        "type": "github"
      },
      "original": {
        "id": "flake-parts",
        "type": "indirect"
      }
    },
    "git-hooks": {
      "inputs": {
        "flake-compat": "flake-compat_2",
        "gitignore": "gitignore",
        "nixpkgs": [
          "neovim-nightly",
          "nixpkgs"
        ]
      },
      "locked": {
        "lastModified": 1747372754,
        "narHash": "sha256-2Y53NGIX2vxfie1rOW0Qb86vjRZ7ngizoo+bnXU9D9k=",
        "owner": "cachix",
        "repo": "git-hooks.nix",
        "rev": "80479b6ec16fefd9c1db3ea13aeb038c60530f46",
        "type": "github"
      },
      "original": {
        "owner": "cachix",
        "repo": "git-hooks.nix",
        "type": "github"
      }
    },
    "gitignore": {
      "inputs": {
        "nixpkgs": [
          "neovim-nightly",
          "git-hooks",
          "nixpkgs"
        ]
      },
      "locked": {
        "lastModified": 1709087332,
        "narHash": "sha256-HG2cCnktfHsKV0s4XW83gU3F57gaTljL9KNSuG6bnQs=",
        "owner": "hercules-ci",
        "repo": "gitignore.nix",
        "rev": "637db329424fd7e46cf4185293b9cc8c88c95394",
        "type": "github"
      },
      "original": {
        "owner": "hercules-ci",
        "repo": "gitignore.nix",
        "type": "github"
      }
    },
    "hercules-ci-effects": {
      "inputs": {
        "flake-parts": "flake-parts_2",
        "nixpkgs": [
          "neovim-nightly",
          "nixpkgs"
        ]
      },
      "locked": {
        "lastModified": 1748000383,
        "narHash": "sha256-EaAJhwfJGBncgIV/0NlJviid2DP93cTMc9h0q6P6xXk=",
        "owner": "hercules-ci",
        "repo": "hercules-ci-effects",
        "rev": "231726642197817d20310b9d39dd4afb9e899489",
        "type": "github"
      },
      "original": {
        "owner": "hercules-ci",
        "repo": "hercules-ci-effects",
        "type": "github"
      }
    },
    "home-manager": {
      "inputs": {
        "nixpkgs": [
          "agenix",
          "nixpkgs"
        ]
      },
      "locked": {
        "lastModified": 1745494811,
        "narHash": "sha256-YZCh2o9Ua1n9uCvrvi5pRxtuVNml8X2a03qIFfRKpFs=",
        "owner": "nix-community",
        "repo": "home-manager",
        "rev": "abfad3d2958c9e6300a883bd443512c55dfeb1be",
        "type": "github"
      },
      "original": {
        "owner": "nix-community",
        "repo": "home-manager",
        "type": "github"
      }
    },
    "home-manager_2": {
      "inputs": {
        "nixpkgs": [
          "nixpkgs"
        ]
      },
      "locked": {
        "lastModified": 1749400020,
        "narHash": "sha256-0nTmHO8AYgRYk5v6zw5oZ3x9nh+feb+Isn7WNe318M0=",
        "owner": "nix-community",
        "repo": "home-manager",
        "rev": "2835e8ba0ad99ba86d4a5e497a962ec9fa35e48f",
        "type": "github"
      },
      "original": {
        "owner": "nix-community",
        "ref": "master",
        "repo": "home-manager",
        "type": "github"
      }
    },
    "lscolors": {
      "flake": false,
      "locked": {
        "lastModified": 1749219789,
        "narHash": "sha256-MMzNknuELhpSkvcPgCL2Pp5A6DZrLajkz8qLphSNbjY=",
        "owner": "trapd00r",
        "repo": "LS_COLORS",
        "rev": "810ce8cac886ac50e75d84fb438b549a1f9478ee",
        "type": "github"
      },
      "original": {
        "owner": "trapd00r",
        "repo": "LS_COLORS",
        "type": "github"
      }
    },
    "neovim-nightly": {
      "inputs": {
        "flake-compat": "flake-compat",
        "flake-parts": "flake-parts",
        "git-hooks": "git-hooks",
        "hercules-ci-effects": "hercules-ci-effects",
        "neovim-src": "neovim-src",
        "nixpkgs": [
          "nixpkgs"
        ],
        "treefmt-nix": "treefmt-nix"
      },
      "locked": {
        "lastModified": 1749388993,
        "narHash": "sha256-P5fiuVACW1L6VBB+M22rWeIllwMHmqwxUlZjZkjYbGA=",
        "owner": "nix-community",
        "repo": "neovim-nightly-overlay",
        "rev": "2bf210a89b0644896340b413aad221ddcb203c5f",
        "type": "github"
      },
      "original": {
        "owner": "nix-community",
        "repo": "neovim-nightly-overlay",
        "type": "github"
      }
    },
    "neovim-src": {
      "flake": false,
      "locked": {
        "lastModified": 1749378405,
        "narHash": "sha256-g1QyIGFCPkwdHPqS67guQsIZtKDDwmFWSr0V/alLF7M=",
        "owner": "neovim",
        "repo": "neovim",
        "rev": "e21c54000ed865f80a73fabc6af50bb7c814f634",
        "type": "github"
      },
      "original": {
        "owner": "neovim",
        "repo": "neovim",
        "type": "github"
      }
    },
    "nixpkgs": {
      "locked": {
        "lastModified": 1749401433,
        "narHash": "sha256-HXIQzULIG/MEUW2Q/Ss47oE3QrjxvpUX7gUl4Xp6lnc=",
        "owner": "nixos",
        "repo": "nixpkgs",
        "rev": "08fcb0dcb59df0344652b38ea6326a2d8271baff",
        "type": "github"
      },
      "original": {
        "owner": "nixos",
        "ref": "nixpkgs-unstable",
        "repo": "nixpkgs",
        "type": "github"
      }
    },
    "nixpkgs-stable": {
      "locked": {
        "lastModified": 1720535198,
        "narHash": "sha256-zwVvxrdIzralnSbcpghA92tWu2DV2lwv89xZc8MTrbg=",
        "owner": "nixos",
        "repo": "nixpkgs",
        "rev": "205fd4226592cc83fd4c0885a3e4c9c400efabb5",
        "type": "github"
      },
      "original": {
        "owner": "nixos",
        "ref": "nixos-23.11",
        "repo": "nixpkgs",
        "type": "github"
      }
    },
    "root": {
      "inputs": {
        "agenix": "agenix",
        "home-manager": "home-manager_2",
        "lscolors": "lscolors",
        "neovim-nightly": "neovim-nightly",
        "nixpkgs": "nixpkgs",
        "nixpkgs-stable": "nixpkgs-stable",
        "zsh-almostontop": "zsh-almostontop",
        "zsh-autocomplete": "zsh-autocomplete",
        "zsh-completions": "zsh-completions",
        "zsh-edit": "zsh-edit",
        "zsh-fzf-tab": "zsh-fzf-tab",
        "zsh-fzf-tab-source": "zsh-fzf-tab-source",
        "zsh-fzf-zsh-plugin": "zsh-fzf-zsh-plugin",
        "zsh-powerlevel10k": "zsh-powerlevel10k"
      }
    },
    "systems": {
      "locked": {
        "lastModified": 1681028828,
        "narHash": "sha256-Vy1rq5AaRuLzOxct8nz4T6wlgyUR7zLU309k9mBC768=",
        "owner": "nix-systems",
        "repo": "default",
        "rev": "da67096a3b9bf56a91d16901293e51ba5b49a27e",
        "type": "github"
      },
      "original": {
        "owner": "nix-systems",
        "repo": "default",
        "type": "github"
      }
    },
    "treefmt-nix": {
      "inputs": {
        "nixpkgs": [
          "neovim-nightly",
          "nixpkgs"
        ]
      },
      "locked": {
        "lastModified": 1749194973,
        "narHash": "sha256-eEy8cuS0mZ2j/r/FE0/LYBSBcIs/MKOIVakwHVuqTfk=",
        "owner": "numtide",
        "repo": "treefmt-nix",
        "rev": "a05be418a1af1198ca0f63facb13c985db4cb3c5",
        "type": "github"
      },
      "original": {
        "owner": "numtide",
        "repo": "treefmt-nix",
        "type": "github"
      }
    },
    "zsh-almostontop": {
      "flake": false,
      "locked": {
        "lastModified": 1568747795,
        "narHash": "sha256-B7fZzafT7PpgnDkdhnUTB57WzfEWcsi1PnjxVOGUwGE=",
        "owner": "Valiev",
        "repo": "almostontop",
        "rev": "aaf8a3e38d383cd179f04e814461acee66348dc8",
        "type": "github"
      },
      "original": {
        "owner": "Valiev",
        "repo": "almostontop",
        "type": "github"
      }
    },
    "zsh-autocomplete": {
      "flake": false,
      "locked": {
        "lastModified": 1745471497,
        "narHash": "sha256-YH5T9a9KbYbvY6FRBITlhXRmkTmnwGyCQpibLe3Dhwc=",
        "owner": "marlonrichert",
        "repo": "zsh-autocomplete",
        "rev": "77a4f9c1343d12d7cb3ae1e7efc7c37397ccb6b0",
        "type": "github"
      },
      "original": {
        "owner": "marlonrichert",
        "repo": "zsh-autocomplete",
        "type": "github"
      }
    },
    "zsh-completions": {
      "flake": false,
      "locked": {
        "lastModified": 1748737557,
        "narHash": "sha256-qCoBWdBZMVmhnd2m5ffXxu0anGigJexeN0KgS+9bmvg=",
        "owner": "zsh-users",
        "repo": "zsh-completions",
        "rev": "c29efd0bc3927ab25dc93ad4085d7143881b73f0",
        "type": "github"
      },
      "original": {
        "owner": "zsh-users",
        "repo": "zsh-completions",
        "type": "github"
      }
    },
    "zsh-edit": {
      "flake": false,
      "locked": {
        "lastModified": 1742985111,
        "narHash": "sha256-l3+X3uDhs0UJCGsgLC+SidRrAud3HmwR7F60uHQmrRY=",
        "owner": "marlonrichert",
        "repo": "zsh-edit",
        "rev": "4479f3fa02dfd02800d3a1951f6bd1188d2cdc36",
        "type": "github"
      },
      "original": {
        "owner": "marlonrichert",
        "repo": "zsh-edit",
        "type": "github"
      }
    },
    "zsh-fzf-tab": {
      "flake": false,
      "locked": {
        "lastModified": 1744166198,
        "narHash": "sha256-zc9Sc1WQIbJ132hw73oiS1ExvxCRHagi6vMkCLd4ZhI=",
        "owner": "Aloxaf",
        "repo": "fzf-tab",
        "rev": "2abe1f2f1cbcb3d3c6b879d849d683de5688111f",
        "type": "github"
      },
      "original": {
        "owner": "Aloxaf",
        "repo": "fzf-tab",
        "type": "github"
      }
    },
    "zsh-fzf-tab-source": {
      "flake": false,
      "locked": {
        "lastModified": 1743572375,
        "narHash": "sha256-0k6x4AhO8ULqanA+1bTNLhMGVz2A3K7LXQ/MgSLuQkc=",
        "owner": "Freed-Wu",
        "repo": "fzf-tab-source",
        "rev": "a06c2cf1f9b4f1582cb7536ce06f12ba02696ea6",
        "type": "github"
      },
      "original": {
        "owner": "Freed-Wu",
        "repo": "fzf-tab-source",
        "type": "github"
      }
    },
    "zsh-fzf-zsh-plugin": {
      "flake": false,
      "locked": {
        "lastModified": 1748626718,
        "narHash": "sha256-FEGhx36Z5pqHEOgPsidiHDN5SXviqMsf6t6hUZo+I8A=",
        "owner": "unixorn",
        "repo": "fzf-zsh-plugin",
        "rev": "04ae801499a7844c87ff1d7b97cdf57530856c65",
        "type": "github"
      },
      "original": {
        "owner": "unixorn",
        "repo": "fzf-zsh-plugin",
        "type": "github"
      }
    },
    "zsh-powerlevel10k": {
      "flake": false,
      "locked": {
        "lastModified": 1745931653,
        "narHash": "sha256-BRJyGn+gTGUWifpJ1ziBKVHACcWw+R5N/HdUi8HzSvY=",
        "owner": "romkatv",
        "repo": "powerlevel10k",
        "rev": "36f3045d69d1ba402db09d09eb12b42eebe0fa3b",
        "type": "github"
      },
      "original": {
        "owner": "romkatv",
        "repo": "powerlevel10k",
        "type": "github"
      }
    }
  },
  "root": "root",
  "version": 7
}
