{
  "nodes": {
    "comma": {
      "flake": false,
      "locked": {
        "lastModified": 1650481854,
        "narHash": "sha256-CZQLigKovJbMoTbPuWT3SBSMymjD58m72O/oy+HilQg=",
        "owner": "Shopify",
        "repo": "comma",
        "rev": "034a9ca440370fc1eccbed43ff345fb6ea1f0d27",
        "type": "github"
      },
      "original": {
        "owner": "Shopify",
        "repo": "comma",
        "type": "github"
      }
    },
    "darwin": {
      "inputs": {
        "nixpkgs": [
          "nixpkgs-unstable"
        ]
      },
      "locked": {
        "lastModified": 1651916036,
        "narHash": "sha256-UuD9keUGm4IuVEV6wdSYbuRm7CwfXE63hVkzKDjVsh4=",
        "owner": "lnl7",
        "repo": "nix-darwin",
        "rev": "2f2bdf658d2b79bada78dc914af99c53cad37cba",
        "type": "github"
      },
      "original": {
        "owner": "lnl7",
        "ref": "master",
        "repo": "nix-darwin",
        "type": "github"
      }
    },
    "home-manager": {
      "inputs": {
        "nixpkgs": [
          "nixpkgs-unstable"
        ]
      },
      "locked": {
        "lastModified": 1653153149,
        "narHash": "sha256-8B/tWWZziFq4DqnAm9uO7M4Z4PNfllYg5+teX1e5yDQ=",
        "owner": "nix-community",
        "repo": "home-manager",
        "rev": "94780dd888881bf35165dfdd334a57ef6b14ead8",
        "type": "github"
      },
      "original": {
        "owner": "nix-community",
        "repo": "home-manager",
        "type": "github"
      }
    },
    "nixpkgs": {
      "locked": {
        "lastModified": 1653117584,
        "narHash": "sha256-5uUrHeHBIaySBTrRExcCoW8fBBYVSDjDYDU5A6iOl+k=",
        "owner": "NixOS",
        "repo": "nixpkgs",
        "rev": "f4dfed73ee886b115a99e5b85fdfbeb683290d83",
        "type": "github"
      },
      "original": {
        "id": "nixpkgs",
        "type": "indirect"
      }
    },
    "nixpkgs-stable": {
      "locked": {
        "lastModified": 1653087707,
        "narHash": "sha256-zfno3snrzZTWQ2B7K53QHrGZwrjnJLTRPalymrSsziU=",
        "owner": "nixos",
        "repo": "nixpkgs",
        "rev": "cbd40c72b2603ab54e7208f99f9b35fc158bc009",
        "type": "github"
      },
      "original": {
        "owner": "nixos",
        "ref": "nixos-21.11",
        "repo": "nixpkgs",
        "type": "github"
      }
    },
    "nixpkgs-stable-darwin": {
      "locked": {
        "lastModified": 1653214707,
        "narHash": "sha256-7n5icLBpuu83bQoLHU68sjNlON8pmsdOTCyiBTJrexM=",
        "owner": "nixos",
        "repo": "nixpkgs",
        "rev": "6741c0a7bb5c906eebe3432dafa7b807c52e5640",
        "type": "github"
      },
      "original": {
        "owner": "nixos",
        "ref": "nixpkgs-21.11-darwin",
        "repo": "nixpkgs",
        "type": "github"
      }
    },
    "nixpkgs-unstable": {
      "locked": {
        "lastModified": 1653117584,
        "narHash": "sha256-5uUrHeHBIaySBTrRExcCoW8fBBYVSDjDYDU5A6iOl+k=",
        "owner": "NixOS",
        "repo": "nixpkgs",
        "rev": "f4dfed73ee886b115a99e5b85fdfbeb683290d83",
        "type": "github"
      },
      "original": {
        "owner": "NixOS",
        "ref": "nixpkgs-unstable",
        "repo": "nixpkgs",
        "type": "github"
      }
    },
    "root": {
      "inputs": {
        "comma": "comma",
        "darwin": "darwin",
        "home-manager": "home-manager",
        "nixpkgs": "nixpkgs",
        "nixpkgs-stable": "nixpkgs-stable",
        "nixpkgs-stable-darwin": "nixpkgs-stable-darwin",
        "nixpkgs-unstable": "nixpkgs-unstable"
      }
    }
  },
  "root": "root",
  "version": 7
}
